// !$*UTF8*$!
{
	archiveVersion = 1;
	classes = {
	};
	objectVersion = 77;
	objects = {

/* Begin PBXBuildFile section */
		2730690230D2CA35AEAADB3E /* local_arena_ffi.swift in Sources */ = {isa = PBXBuildFile; fileRef = 6A171B864BDD3837A62EC272 /* local_arena_ffi.swift */; };
		44639A7E51D5D8922A04D287 /* VaultViewModel.swift in Sources */ = {isa = PBXBuildFile; fileRef = AF3B65612D52E384A077C57C /* VaultViewModel.swift */; };
		51ADFC5294107AA3D03A351C /* ContentView.swift in Sources */ = {isa = PBXBuildFile; fileRef = 89F1773A497F5FECB4DC6074 /* ContentView.swift */; };
		8F09DA3297039D0C1CD22846 /* GridView.swift in Sources */ = {isa = PBXBuildFile; fileRef = 87C09D98DC3051B93B7D2CB7 /* GridView.swift */; };
		A249A93BC47BC4A18F7D9C7E /* LocalArenaApp.swift in Sources */ = {isa = PBXBuildFile; fileRef = 8962E71A1089E170EBAF7F91 /* LocalArenaApp.swift */; };
		F610E4F370894161D68D24D2 /* LocalArenaCore.xcframework in Frameworks */ = {isa = PBXBuildFile; fileRef = 8C87519A8EC3FE3ED1E3DC18 /* LocalArenaCore.xcframework */; };
/* End PBXBuildFile section */

/* Begin PBXFileReference section */
		589E56C508570F5D5C8B724A /* LocalArena.app */ = {isa = PBXFileReference; includeInIndex = 0; lastKnownFileType = wrapper.application; path = LocalArena.app; sourceTree = BUILT_PRODUCTS_DIR; };
		6A171B864BDD3837A62EC272 /* local_arena_ffi.swift */ = {isa = PBXFileReference; lastKnownFileType = sourcecode.swift; path = local_arena_ffi.swift; sourceTree = "<group>"; };
		87C09D98DC3051B93B7D2CB7 /* GridView.swift */ = {isa = PBXFileReference; lastKnownFileType = sourcecode.swift; path = GridView.swift; sourceTree = "<group>"; };
		8962E71A1089E170EBAF7F91 /* LocalArenaApp.swift */ = {isa = PBXFileReference; lastKnownFileType = sourcecode.swift; path = LocalArenaApp.swift; sourceTree = "<group>"; };
		89F1773A497F5FECB4DC6074 /* ContentView.swift */ = {isa = PBXFileReference; lastKnownFileType = sourcecode.swift; path = ContentView.swift; sourceTree = "<group>"; };
		8C87519A8EC3FE3ED1E3DC18 /* LocalArenaCore.xcframework */ = {isa = PBXFileReference; lastKnownFileType = wrapper.xcframework; path = LocalArenaCore.xcframework; sourceTree = "<group>"; };
		AF3B65612D52E384A077C57C /* VaultViewModel.swift */ = {isa = PBXFileReference; lastKnownFileType = sourcecode.swift; path = VaultViewModel.swift; sourceTree = "<group>"; };
/* End PBXFileReference section */

/* Begin PBXFrameworksBuildPhase section */
		3B1A567FD1509DACF694023C /* Frameworks */ = {
			isa = PBXFrameworksBuildPhase;
			buildActionMask = 2147483647;
			files = (
				F610E4F370894161D68D24D2 /* LocalArenaCore.xcframework in Frameworks */,
			);
			runOnlyForDeploymentPostprocessing = 0;
		};
/* End PBXFrameworksBuildPhase section */

/* Begin PBXGroup section */
		20906A08553056EECA01EB8D /* Products */ = {
			isa = PBXGroup;
			children = (
				589E56C508570F5D5C8B724A /* LocalArena.app */,
			);
			name = Products;
			sourceTree = "<group>";
		};
		4BE8BE0DAE29BD54C4E65821 /* LocalArena */ = {
			isa = PBXGroup;
			children = (
				89F1773A497F5FECB4DC6074 /* ContentView.swift */,
				87C09D98DC3051B93B7D2CB7 /* GridView.swift */,
				8962E71A1089E170EBAF7F91 /* LocalArenaApp.swift */,
				AF3B65612D52E384A077C57C /* VaultViewModel.swift */,
			);
			path = LocalArena;
			sourceTree = "<group>";
		};
		6721776ED03319F1A0BFAE5A /* Frameworks */ = {
			isa = PBXGroup;
			children = (
				8C87519A8EC3FE3ED1E3DC18 /* LocalArenaCore.xcframework */,
			);
			name = Frameworks;
			sourceTree = "<group>";
		};
		A3E7787CEA01945A0224A67F /* Generated */ = {
			isa = PBXGroup;
			children = (
				6A171B864BDD3837A62EC272 /* local_arena_ffi.swift */,
			);
			path = Generated;
			sourceTree = "<group>";
		};
		E155A1D36044475FC71D0887 = {
			isa = PBXGroup;
			children = (
				A3E7787CEA01945A0224A67F /* Generated */,
				4BE8BE0DAE29BD54C4E65821 /* LocalArena */,
				6721776ED03319F1A0BFAE5A /* Frameworks */,
				20906A08553056EECA01EB8D /* Products */,
			);
			sourceTree = "<group>";
		};
/* End PBXGroup section */

/* Begin PBXNativeTarget section */
		75C6122E660873BC780E4437 /* LocalArena */ = {
			isa = PBXNativeTarget;
			buildConfigurationList = 028EE28E9A21BC1C199283C8 /* Build configuration list for PBXNativeTarget "LocalArena" */;
			buildPhases = (
				34C59F0CD8C503D29CC03871 /* Sources */,
				3B1A567FD1509DACF694023C /* Frameworks */,
			);
			buildRules = (
			);
			dependencies = (
			);
			name = LocalArena;
			packageProductDependencies = (
			);
			productName = LocalArena;
			productReference = 589E56C508570F5D5C8B724A /* LocalArena.app */;
			productType = "com.apple.product-type.application";
		};
/* End PBXNativeTarget section */

/* Begin PBXProject section */
		1606C6961C126A0FE79FA340 /* Project object */ = {
			isa = PBXProject;
			attributes = {
				BuildIndependentTargetsInParallel = YES;
				LastUpgradeCheck = 1600;
			};
			buildConfigurationList = F8AAC3A929A59B5EE8D3715C /* Build configuration list for PBXProject "LocalArena" */;
			compatibilityVersion = "Xcode 14.0";
			developmentRegion = en;
			hasScannedForEncodings = 0;
			knownRegions = (
				Base,
				en,
			);
			mainGroup = E155A1D36044475FC71D0887;
			minimizedProjectReferenceProxies = 1;
			preferredProjectObjectVersion = 77;
			projectDirPath = "";
			projectRoot = "";
			targets = (
				75C6122E660873BC780E4437 /* LocalArena */,
			);
		};
/* End PBXProject section */

/* Begin PBXSourcesBuildPhase section */
		34C59F0CD8C503D29CC03871 /* Sources */ = {
			isa = PBXSourcesBuildPhase;
			buildActionMask = 2147483647;
			files = (
				51ADFC5294107AA3D03A351C /* ContentView.swift in Sources */,
				8F09DA3297039D0C1CD22846 /* GridView.swift in Sources */,
				A249A93BC47BC4A18F7D9C7E /* LocalArenaApp.swift in Sources */,
				44639A7E51D5D8922A04D287 /* VaultViewModel.swift in Sources */,
				2730690230D2CA35AEAADB3E /* local_arena_ffi.swift in Sources */,
			);
			runOnlyForDeploymentPostprocessing = 0;
		};
/* End PBXSourcesBuildPhase section */

/* Begin XCBuildConfiguration section */
		0E32D04DC3392728D7296C41 /* Debug */ = {
			isa = XCBuildConfiguration;
			buildSettings = {
				ASSETCATALOG_COMPILER_APPICON_NAME = AppIcon;
				CODE_SIGN_IDENTITY = "iPhone Developer";
				CURRENT_PROJECT_VERSION = 1;
				FRAMEWORK_SEARCH_PATHS = (
					"$(inherited)",
					"\".\"",
				);
				HEADER_SEARCH_PATHS = (
					"$(SRCROOT)/Generated",
				);
				INFOPLIST_KEY_UIApplicationSceneManifest_Generation = YES;
				INFOPLIST_KEY_UIApplicationSupportsIndirectInputEvents = YES;
				INFOPLIST_KEY_UILaunchScreen_Generation = YES;
				INFOPLIST_KEY_UISupportedInterfaceOrientations_iPad = "UIInterfaceOrientationPortrait UIInterfaceOrientationPortraitUpsideDown UIInterfaceOrientationLandscapeLeft UIInterfaceOrientationLandscapeRight";
				INFOPLIST_KEY_UISupportedInterfaceOrientations_iPhone = UIInterfaceOrientationPortrait;
				LD_RUNPATH_SEARCH_PATHS = (
					"$(inherited)",
					"@executable_path/Frameworks",
				);
				MARKETING_VERSION = 0.1.0;
				OTHER_LDFLAGS = (
					"-lsqlite3",
				);
				PRODUCT_BUNDLE_IDENTIFIER = com.localarena.app;
				SDKROOT = iphoneos;
				SWIFT_VERSION = 5.9;
				TARGETED_DEVICE_FAMILY = "1,2";
			};
			name = Debug;
		};
		37CB63539FAF4E64352ED4A1 /* Release */ = {
			isa = XCBuildConfiguration;
			buildSettings = {
				ALWAYS_SEARCH_USER_PATHS = NO;
				CLANG_ANALYZER_NONNULL = YES;
				CLANG_ANALYZER_NUMBER_OBJECT_CONVERSION = YES_AGGRESSIVE;
				CLANG_CXX_LANGUAGE_STANDARD = "gnu++14";
				CLANG_CXX_LIBRARY = "libc++";
				CLANG_ENABLE_MODULES = YES;
				CLANG_ENABLE_OBJC_ARC = YES;
				CLANG_ENABLE_OBJC_WEAK = YES;
				CLANG_WARN_BLOCK_CAPTURE_AUTORELEASING = YES;
				CLANG_WARN_BOOL_CONVERSION = YES;
				CLANG_WARN_COMMA = YES;
				CLANG_WARN_CONSTANT_CONVERSION = YES;
				CLANG_WARN_DEPRECATED_OBJC_IMPLEMENTATIONS = YES;
				CLANG_WARN_DIRECT_OBJC_ISA_USAGE = YES_ERROR;
				CLANG_WARN_DOCUMENTATION_COMMENTS = YES;
				CLANG_WARN_EMPTY_BODY = YES;
				CLANG_WARN_ENUM_CONVERSION = YES;
				CLANG_WARN_INFINITE_RECURSION = YES;
				CLANG_WARN_INT_CONVERSION = YES;
				CLANG_WARN_NON_LITERAL_NULL_CONVERSION = YES;
				CLANG_WARN_OBJC_IMPLICIT_RETAIN_SELF = YES;
				CLANG_WARN_OBJC_LITERAL_CONVERSION = YES;
				CLANG_WARN_OBJC_ROOT_CLASS = YES_ERROR;
				CLANG_WARN_QUOTED_INCLUDE_IN_FRAMEWORK_HEADER = YES;
				CLANG_WARN_RANGE_LOOP_ANALYSIS = YES;
				CLANG_WARN_STRICT_PROTOTYPES = YES;
				CLANG_WARN_SUSPICIOUS_MOVE = YES;
				CLANG_WARN_UNGUARDED_AVAILABILITY = YES_AGGRESSIVE;
				CLANG_WARN_UNREACHABLE_CODE = YES;
				CLANG_WARN__DUPLICATE_METHOD_MATCH = YES;
				COPY_PHASE_STRIP = NO;
				DEBUG_INFORMATION_FORMAT = "dwarf-with-dsym";
				ENABLE_NS_ASSERTIONS = NO;
				ENABLE_STRICT_OBJC_MSGSEND = YES;
				GCC_C_LANGUAGE_STANDARD = gnu11;
				GCC_NO_COMMON_BLOCKS = YES;
				GCC_WARN_64_TO_32_BIT_CONVERSION = YES;
				GCC_WARN_ABOUT_RETURN_TYPE = YES_ERROR;
				GCC_WARN_UNDECLARED_SELECTOR = YES;
				GCC_WARN_UNINITIALIZED_AUTOS = YES_AGGRESSIVE;
				GCC_WARN_UNUSED_FUNCTION = YES;
				GCC_WARN_UNUSED_VARIABLE = YES;
				IPHONEOS_DEPLOYMENT_TARGET = 17.0;
				MTL_ENABLE_DEBUG_INFO = NO;
				MTL_FAST_MATH = YES;
				PRODUCT_NAME = "$(TARGET_NAME)";
				SDKROOT = iphoneos;
				SWIFT_COMPILATION_MODE = wholemodule;
				SWIFT_OPTIMIZATION_LEVEL = "-O";
				SWIFT_VERSION = 5.0;
			};
			name = Release;
		};
		9CB10E31E7C2D3301F8DD9C0 /* Release */ = {
			isa = XCBuildConfiguration;
			buildSettings = {
				ASSETCATALOG_COMPILER_APPICON_NAME = AppIcon;
				CODE_SIGN_IDENTITY = "iPhone Developer";
				CURRENT_PROJECT_VERSION = 1;
				FRAMEWORK_SEARCH_PATHS = (
					"$(inherited)",
					"\".\"",
				);
				HEADER_SEARCH_PATHS = (
					"$(SRCROOT)/Generated",
				);
				INFOPLIST_KEY_UIApplicationSceneManifest_Generation = YES;
				INFOPLIST_KEY_UIApplicationSupportsIndirectInputEvents = YES;
				INFOPLIST_KEY_UILaunchScreen_Generation = YES;
				INFOPLIST_KEY_UISupportedInterfaceOrientations_iPad = "UIInterfaceOrientationPortrait UIInterfaceOrientationPortraitUpsideDown UIInterfaceOrientationLandscapeLeft UIInterfaceOrientationLandscapeRight";
				INFOPLIST_KEY_UISupportedInterfaceOrientations_iPhone = UIInterfaceOrientationPortrait;
				LD_RUNPATH_SEARCH_PATHS = (
					"$(inherited)",
					"@executable_path/Frameworks",
				);
				MARKETING_VERSION = 0.1.0;
				OTHER_LDFLAGS = (
					"-lsqlite3",
				);
				PRODUCT_BUNDLE_IDENTIFIER = com.localarena.app;
				SDKROOT = iphoneos;
				SWIFT_VERSION = 5.9;
				TARGETED_DEVICE_FAMILY = "1,2";
			};
			name = Release;
		};
		EE781EBDAC628914122A3828 /* Debug */ = {
			isa = XCBuildConfiguration;
			buildSettings = {
				ALWAYS_SEARCH_USER_PATHS = NO;
				CLANG_ANALYZER_NONNULL = YES;
				CLANG_ANALYZER_NUMBER_OBJECT_CONVERSION = YES_AGGRESSIVE;
				CLANG_CXX_LANGUAGE_STANDARD = "gnu++14";
				CLANG_CXX_LIBRARY = "libc++";
				CLANG_ENABLE_MODULES = YES;
				CLANG_ENABLE_OBJC_ARC = YES;
				CLANG_ENABLE_OBJC_WEAK = YES;
				CLANG_WARN_BLOCK_CAPTURE_AUTORELEASING = YES;
				CLANG_WARN_BOOL_CONVERSION = YES;
				CLANG_WARN_COMMA = YES;
				CLANG_WARN_CONSTANT_CONVERSION = YES;
				CLANG_WARN_DEPRECATED_OBJC_IMPLEMENTATIONS = YES;
				CLANG_WARN_DIRECT_OBJC_ISA_USAGE = YES_ERROR;
				CLANG_WARN_DOCUMENTATION_COMMENTS = YES;
				CLANG_WARN_EMPTY_BODY = YES;
				CLANG_WARN_ENUM_CONVERSION = YES;
				CLANG_WARN_INFINITE_RECURSION = YES;
				CLANG_WARN_INT_CONVERSION = YES;
				CLANG_WARN_NON_LITERAL_NULL_CONVERSION = YES;
				CLANG_WARN_OBJC_IMPLICIT_RETAIN_SELF = YES;
				CLANG_WARN_OBJC_LITERAL_CONVERSION = YES;
				CLANG_WARN_OBJC_ROOT_CLASS = YES_ERROR;
				CLANG_WARN_QUOTED_INCLUDE_IN_FRAMEWORK_HEADER = YES;
				CLANG_WARN_RANGE_LOOP_ANALYSIS = YES;
				CLANG_WARN_STRICT_PROTOTYPES = YES;
				CLANG_WARN_SUSPICIOUS_MOVE = YES;
				CLANG_WARN_UNGUARDED_AVAILABILITY = YES_AGGRESSIVE;
				CLANG_WARN_UNREACHABLE_CODE = YES;
				CLANG_WARN__DUPLICATE_METHOD_MATCH = YES;
				COPY_PHASE_STRIP = NO;
				DEBUG_INFORMATION_FORMAT = dwarf;
				ENABLE_STRICT_OBJC_MSGSEND = YES;
				ENABLE_TESTABILITY = YES;
				GCC_C_LANGUAGE_STANDARD = gnu11;
				GCC_DYNAMIC_NO_PIC = NO;
				GCC_NO_COMMON_BLOCKS = YES;
				GCC_OPTIMIZATION_LEVEL = 0;
				GCC_PREPROCESSOR_DEFINITIONS = (
					"$(inherited)",
					"DEBUG=1",
				);
				GCC_WARN_64_TO_32_BIT_CONVERSION = YES;
				GCC_WARN_ABOUT_RETURN_TYPE = YES_ERROR;
				GCC_WARN_UNDECLARED_SELECTOR = YES;
				GCC_WARN_UNINITIALIZED_AUTOS = YES_AGGRESSIVE;
				GCC_WARN_UNUSED_FUNCTION = YES;
				GCC_WARN_UNUSED_VARIABLE = YES;
				IPHONEOS_DEPLOYMENT_TARGET = 17.0;
				MTL_ENABLE_DEBUG_INFO = INCLUDE_SOURCE;
				MTL_FAST_MATH = YES;
				ONLY_ACTIVE_ARCH = YES;
				PRODUCT_NAME = "$(TARGET_NAME)";
				SDKROOT = iphoneos;
				SWIFT_ACTIVE_COMPILATION_CONDITIONS = DEBUG;
				SWIFT_OPTIMIZATION_LEVEL = "-Onone";
				SWIFT_VERSION = 5.0;
			};
			name = Debug;
		};
/* End XCBuildConfiguration section */

/* Begin XCConfigurationList section */
		028EE28E9A21BC1C199283C8 /* Build configuration list for PBXNativeTarget "LocalArena" */ = {
			isa = XCConfigurationList;
			buildConfigurations = (
				0E32D04DC3392728D7296C41 /* Debug */,
				9CB10E31E7C2D3301F8DD9C0 /* Release */,
			);
			defaultConfigurationIsVisible = 0;
			defaultConfigurationName = Debug;
		};
		F8AAC3A929A59B5EE8D3715C /* Build configuration list for PBXProject "LocalArena" */ = {
			isa = XCConfigurationList;
			buildConfigurations = (
				EE781EBDAC628914122A3828 /* Debug */,
				37CB63539FAF4E64352ED4A1 /* Release */,
			);
			defaultConfigurationIsVisible = 0;
			defaultConfigurationName = Debug;
		};
/* End XCConfigurationList section */
	};
	rootObject = 1606C6961C126A0FE79FA340 /* Project object */;
}
